dependencies:
- name: memcached
  repository: https://raw.githubusercontent.com/bitnami/charts/archive-full-index/bitnami
  version: 6.3.9
- name: mysql
  repository: https://raw.githubusercontent.com/bitnami/charts/archive-full-index/bitnami
  version: 9.4.9
- name: postgresql
  repository: https://raw.githubusercontent.com/bitnami/charts/archive-full-index/bitnami
  version: 12.1.15
- name: mariadb
  repository: https://raw.githubusercontent.com/bitnami/charts/archive-full-index/bitnami
  version: 11.5.1
digest: sha256:31f99b640bad6ff6f9a7ce406f72f7982ce746f2ce353559af55067469a2acf1
generated: "2023-03-03T08:17:51.820621257Z"
