dependencies:
- name: postgresql
  repository: oci://registry-1.docker.io/bitnamicharts
  version: 15.5.12
- name: postgresql-ha
  repository: oci://registry-1.docker.io/bitnamicharts
  version: 14.2.9
- name: redis-cluster
  repository: oci://registry-1.docker.io/bitnamicharts
  version: 10.2.5
digest: sha256:f60c311732e6206395d17cdb333e65862663faec1b0b3f53b035e0805be0b6ce
generated: "2024-07-02T13:30:52.323658185Z"
